
Microsoft Visual Studio Solution File, Format Version 12.00
# Visual Studio 15
VisualStudioVersion = 15.0.27406.0
MinimumVisualStudioVersion = 10.0.40219.1
Project("{DA7A21FA-8162-4350-AD77-A8D1B671F3ED}") = "SAR", "SAR.rxproj", "{891F8108-6B8F-42E4-B31A-A5EEB76382C2}"
EndProject
Global
	GlobalSection(SolutionConfigurationPlatforms) = preSolution
		Debug|Any CPU = Debug|Any CPU
		Release|Any CPU = Release|Any CPU
	EndGlobalSection
	GlobalSection(ProjectConfigurationPlatforms) = postSolution
		{891F8108-6B8F-42E4-B31A-A5EEB76382C2}.Debug|Any CPU.ActiveCfg = Debug|Any CPU
		{891F8108-6B8F-42E4-B31A-A5EEB76382C2}.Debug|Any CPU.Build.0 = Debug|Any CPU
		{891F8108-6B8F-42E4-B31A-A5EEB76382C2}.Release|Any CPU.ActiveCfg = Release|Any CPU
		{891F8108-6B8F-42E4-B31A-A5EEB76382C2}.Release|Any CPU.Build.0 = Release|Any CPU
	EndGlobalSection
	GlobalSection(SolutionProperties) = preSolution
		HideSolutionNode = FALSE
	EndGlobalSection
	GlobalSection(ExtensibilityGlobals) = postSolution
		SolutionGuid = {9537C9DB-2A06-4A47-B63D-040E8014649C}
	EndGlobalSection
EndGlobal
